{
    "_meta": {
        "hash": {
            "sha256": "c573ac4165555b811fdeadb662cba03e95cd3da6c2e42d82d3defabf9a23f4e3"
        },
        "pipfile-spec": 6,
        "requires": {
            "python_version": "3.10.11"
        },
        "sources": [
            {
                "name": "pypi",
                "url": "https://pypi.org/simple",
                "verify_ssl": true
            }
        ]
    },
    "default": {
        "pypdf": {
            "hashes": [
                "sha256:071d837f9d109c260cc70b026d3ffad3db6f905131b51f39fe74f2fa435ea003",
                "sha256:637de66382238f3537fcf8f27fdb47e2c99dd5aa6de173a28a5b737f9a784973"
            ],
            "index": "pypi",
            "markers": "python_version >= '3.6'",
            "version": "==4.0.0"
        }
    },
    "develop": {}
}
